// !$*UTF8*$!
{
	archiveVersion = 1;
	classes = {
	};
	objectVersion = 56;
	objects = {

/* Begin PBXBuildFile section */
		3C138D15293587EF005DF565 /* BTConnection.swift in Sources */ = {isa = PBXBuildFile; fileRef = 3C138D14293587EF005DF565 /* BTConnection.swift */; };
		3C138D172935943B005DF565 /* ZoneLighting.swift in Sources */ = {isa = PBXBuildFile; fileRef = 3C138D162935943B005DF565 /* ZoneLighting.swift */; };
		3C1567C42937A924000CF4CC /* BTUUIDDefs.swift in Sources */ = {isa = PBXBuildFile; fileRef = 3C1567C32937A924000CF4CC /* BTUUIDDefs.swift */; };
		3C5DD04529355B230022FC61 /* NorthernLightsApp.swift in Sources */ = {isa = PBXBuildFile; fileRef = 3C5DD04429355B230022FC61 /* NorthernLightsApp.swift */; };
		3C5DD04729355B230022FC61 /* ContentView.swift in Sources */ = {isa = PBXBuildFile; fileRef = 3C5DD04629355B230022FC61 /* ContentView.swift */; };
		3C5DD04929355B230022FC61 /* Assets.xcassets in Resources */ = {isa = PBXBuildFile; fileRef = 3C5DD04829355B230022FC61 /* Assets.xcassets */; };
		3C5DD04C29355B230022FC61 /* Preview Assets.xcassets in Resources */ = {isa = PBXBuildFile; fileRef = 3C5DD04B29355B230022FC61 /* Preview Assets.xcassets */; };
		3C9956BE293A7DE5006D3C89 /* src in Resources */ = {isa = PBXBuildFile; fileRef = 3C9956BD293A7DE5006D3C89 /* src */; };
		3CA1575129365D0C00A92D39 /* CoreBluetooth.framework in Frameworks */ = {isa = PBXBuildFile; fileRef = 3CA1575029365D0C00A92D39 /* CoreBluetooth.framework */; };
		3CA157552936646A00A92D39 /* BTManager.swift in Sources */ = {isa = PBXBuildFile; fileRef = 3CA157542936646A00A92D39 /* BTManager.swift */; };
/* End PBXBuildFile section */

/* Begin PBXFileReference section */
		3C138D14293587EF005DF565 /* BTConnection.swift */ = {isa = PBXFileReference; lastKnownFileType = sourcecode.swift; path = BTConnection.swift; sourceTree = "<group>"; };
		3C138D162935943B005DF565 /* ZoneLighting.swift */ = {isa = PBXFileReference; lastKnownFileType = sourcecode.swift; path = ZoneLighting.swift; sourceTree = "<group>"; };
		3C1567C32937A924000CF4CC /* BTUUIDDefs.swift */ = {isa = PBXFileReference; lastKnownFileType = sourcecode.swift; path = BTUUIDDefs.swift; sourceTree = "<group>"; };
		3C5DD04129355B230022FC61 /* NorthernLights.app */ = {isa = PBXFileReference; explicitFileType = wrapper.application; includeInIndex = 0; path = NorthernLights.app; sourceTree = BUILT_PRODUCTS_DIR; };
		3C5DD04429355B230022FC61 /* NorthernLightsApp.swift */ = {isa = PBXFileReference; lastKnownFileType = sourcecode.swift; path = NorthernLightsApp.swift; sourceTree = "<group>"; };
		3C5DD04629355B230022FC61 /* ContentView.swift */ = {isa = PBXFileReference; lastKnownFileType = sourcecode.swift; path = ContentView.swift; sourceTree = "<group>"; };
		3C5DD04829355B230022FC61 /* Assets.xcassets */ = {isa = PBXFileReference; lastKnownFileType = folder.assetcatalog; path = Assets.xcassets; sourceTree = "<group>"; };
		3C5DD04B29355B230022FC61 /* Preview Assets.xcassets */ = {isa = PBXFileReference; lastKnownFileType = folder.assetcatalog; path = "Preview Assets.xcassets"; sourceTree = "<group>"; };
		3C9956BD293A7DE5006D3C89 /* src */ = {isa = PBXFileReference; lastKnownFileType = folder; path = src; sourceTree = "<group>"; };
		3CA1575029365D0C00A92D39 /* CoreBluetooth.framework */ = {isa = PBXFileReference; lastKnownFileType = wrapper.framework; name = CoreBluetooth.framework; path = System/Library/Frameworks/CoreBluetooth.framework; sourceTree = SDKROOT; };
		3CA1575229365ED100A92D39 /* Info.plist */ = {isa = PBXFileReference; lastKnownFileType = text.plist; path = Info.plist; sourceTree = "<group>"; };
		3CA157542936646A00A92D39 /* BTManager.swift */ = {isa = PBXFileReference; lastKnownFileType = sourcecode.swift; path = BTManager.swift; sourceTree = "<group>"; };
/* End PBXFileReference section */

/* Begin PBXFrameworksBuildPhase section */
		3C5DD03E29355B230022FC61 /* Frameworks */ = {
			isa = PBXFrameworksBuildPhase;
			buildActionMask = 2147483647;
			files = (
				3CA1575129365D0C00A92D39 /* CoreBluetooth.framework in Frameworks */,
			);
			runOnlyForDeploymentPostprocessing = 0;
		};
/* End PBXFrameworksBuildPhase section */

/* Begin PBXGroup section */
		3C5DD03829355B230022FC61 = {
			isa = PBXGroup;
			children = (
				3C5DD04329355B230022FC61 /* NorthernLights */,
				3C5DD04229355B230022FC61 /* Products */,
				3CA1574F29365D0C00A92D39 /* Frameworks */,
			);
			sourceTree = "<group>";
		};
		3C5DD04229355B230022FC61 /* Products */ = {
			isa = PBXGroup;
			children = (
				3C5DD04129355B230022FC61 /* NorthernLights.app */,
			);
			name = Products;
			sourceTree = "<group>";
		};
		3C5DD04329355B230022FC61 /* NorthernLights */ = {
			isa = PBXGroup;
			children = (
				3C9956BC293A7DBD006D3C89 /* ZoneData */,
				3CA157532936645700A92D39 /* Bluetooth */,
				3CA1575229365ED100A92D39 /* Info.plist */,
				3C5DD04429355B230022FC61 /* NorthernLightsApp.swift */,
				3C5DD04629355B230022FC61 /* ContentView.swift */,
				3C138D162935943B005DF565 /* ZoneLighting.swift */,
				3C5DD04829355B230022FC61 /* Assets.xcassets */,
				3C5DD04A29355B230022FC61 /* Preview Content */,
			);
			path = NorthernLights;
			sourceTree = "<group>";
		};
		3C5DD04A29355B230022FC61 /* Preview Content */ = {
			isa = PBXGroup;
			children = (
				3C5DD04B29355B230022FC61 /* Preview Assets.xcassets */,
			);
			path = "Preview Content";
			sourceTree = "<group>";
		};
		3C9956BC293A7DBD006D3C89 /* ZoneData */ = {
			isa = PBXGroup;
			children = (
				3C9956BD293A7DE5006D3C89 /* src */,
			);
			path = ZoneData;
			sourceTree = "<group>";
		};
		3CA1574F29365D0C00A92D39 /* Frameworks */ = {
			isa = PBXGroup;
			children = (
				3CA1575029365D0C00A92D39 /* CoreBluetooth.framework */,
			);
			name = Frameworks;
			sourceTree = "<group>";
		};
		3CA157532936645700A92D39 /* Bluetooth */ = {
			isa = PBXGroup;
			children = (
				3C138D14293587EF005DF565 /* BTConnection.swift */,
				3CA157542936646A00A92D39 /* BTManager.swift */,
				3C1567C32937A924000CF4CC /* BTUUIDDefs.swift */,
			);
			path = Bluetooth;
			sourceTree = "<group>";
		};
/* End PBXGroup section */

/* Begin PBXNativeTarget section */
		3C5DD04029355B230022FC61 /* NorthernLights */ = {
			isa = PBXNativeTarget;
			buildConfigurationList = 3C5DD04F29355B230022FC61 /* Build configuration list for PBXNativeTarget "NorthernLights" */;
			buildPhases = (
				3C5DD03D29355B230022FC61 /* Sources */,
				3C5DD03E29355B230022FC61 /* Frameworks */,
				3C5DD03F29355B230022FC61 /* Resources */,
			);
			buildRules = (
			);
			dependencies = (
			);
			name = NorthernLights;
			productName = NorthernLights;
			productReference = 3C5DD04129355B230022FC61 /* NorthernLights.app */;
			productType = "com.apple.product-type.application";
		};
/* End PBXNativeTarget section */

/* Begin PBXProject section */
		3C5DD03929355B230022FC61 /* Project object */ = {
			isa = PBXProject;
			attributes = {
				BuildIndependentTargetsInParallel = 1;
				LastSwiftUpdateCheck = 1410;
				LastUpgradeCheck = 1410;
				TargetAttributes = {
					3C5DD04029355B230022FC61 = {
						CreatedOnToolsVersion = 14.1;
					};
				};
			};
			buildConfigurationList = 3C5DD03C29355B230022FC61 /* Build configuration list for PBXProject "NorthernLights" */;
			compatibilityVersion = "Xcode 14.0";
			developmentRegion = en;
			hasScannedForEncodings = 0;
			knownRegions = (
				en,
				Base,
			);
			mainGroup = 3C5DD03829355B230022FC61;
			productRefGroup = 3C5DD04229355B230022FC61 /* Products */;
			projectDirPath = "";
			projectRoot = "";
			targets = (
				3C5DD04029355B230022FC61 /* NorthernLights */,
			);
		};
/* End PBXProject section */

/* Begin PBXResourcesBuildPhase section */
		3C5DD03F29355B230022FC61 /* Resources */ = {
			isa = PBXResourcesBuildPhase;
			buildActionMask = 2147483647;
			files = (
				3C9956BE293A7DE5006D3C89 /* src in Resources */,
				3C5DD04C29355B230022FC61 /* Preview Assets.xcassets in Resources */,
				3C5DD04929355B230022FC61 /* Assets.xcassets in Resources */,
			);
			runOnlyForDeploymentPostprocessing = 0;
		};
/* End PBXResourcesBuildPhase section */

/* Begin PBXSourcesBuildPhase section */
		3C5DD03D29355B230022FC61 /* Sources */ = {
			isa = PBXSourcesBuildPhase;
			buildActionMask = 2147483647;
			files = (
				3C5DD04729355B230022FC61 /* ContentView.swift in Sources */,
				3CA157552936646A00A92D39 /* BTManager.swift in Sources */,
				3C1567C42937A924000CF4CC /* BTUUIDDefs.swift in Sources */,
				3C138D15293587EF005DF565 /* BTConnection.swift in Sources */,
				3C5DD04529355B230022FC61 /* NorthernLightsApp.swift in Sources */,
				3C138D172935943B005DF565 /* ZoneLighting.swift in Sources */,
			);
			runOnlyForDeploymentPostprocessing = 0;
		};
/* End PBXSourcesBuildPhase section */

/* Begin XCBuildConfiguration section */
		3C5DD04D29355B230022FC61 /* Debug */ = {
			isa = XCBuildConfiguration;
			buildSettings = {
				ALWAYS_SEARCH_USER_PATHS = NO;
				CLANG_ANALYZER_NONNULL = YES;
				CLANG_ANALYZER_NUMBER_OBJECT_CONVERSION = YES_AGGRESSIVE;
				CLANG_CXX_LANGUAGE_STANDARD = "gnu++20";
				CLANG_ENABLE_MODULES = YES;
				CLANG_ENABLE_OBJC_ARC = YES;
				CLANG_ENABLE_OBJC_WEAK = YES;
				CLANG_WARN_BLOCK_CAPTURE_AUTORELEASING = YES;
				CLANG_WARN_BOOL_CONVERSION = YES;
				CLANG_WARN_COMMA = YES;
				CLANG_WARN_CONSTANT_CONVERSION = YES;
				CLANG_WARN_DEPRECATED_OBJC_IMPLEMENTATIONS = YES;
				CLANG_WARN_DIRECT_OBJC_ISA_USAGE = YES_ERROR;
				CLANG_WARN_DOCUMENTATION_COMMENTS = YES;
				CLANG_WARN_EMPTY_BODY = YES;
				CLANG_WARN_ENUM_CONVERSION = YES;
				CLANG_WARN_INFINITE_RECURSION = YES;
				CLANG_WARN_INT_CONVERSION = YES;
				CLANG_WARN_NON_LITERAL_NULL_CONVERSION = YES;
				CLANG_WARN_OBJC_IMPLICIT_RETAIN_SELF = YES;
				CLANG_WARN_OBJC_LITERAL_CONVERSION = YES;
				CLANG_WARN_OBJC_ROOT_CLASS = YES_ERROR;
				CLANG_WARN_QUOTED_INCLUDE_IN_FRAMEWORK_HEADER = YES;
				CLANG_WARN_RANGE_LOOP_ANALYSIS = YES;
				CLANG_WARN_STRICT_PROTOTYPES = YES;
				CLANG_WARN_SUSPICIOUS_MOVE = YES;
				CLANG_WARN_UNGUARDED_AVAILABILITY = YES_AGGRESSIVE;
				CLANG_WARN_UNREACHABLE_CODE = YES;
				CLANG_WARN__DUPLICATE_METHOD_MATCH = YES;
				COPY_PHASE_STRIP = NO;
				DEBUG_INFORMATION_FORMAT = dwarf;
				ENABLE_STRICT_OBJC_MSGSEND = YES;
				ENABLE_TESTABILITY = YES;
				GCC_C_LANGUAGE_STANDARD = gnu11;
				GCC_DYNAMIC_NO_PIC = NO;
				GCC_NO_COMMON_BLOCKS = YES;
				GCC_OPTIMIZATION_LEVEL = 0;
				GCC_PREPROCESSOR_DEFINITIONS = (
					"DEBUG=1",
					"$(inherited)",
				);
				GCC_WARN_64_TO_32_BIT_CONVERSION = YES;
				GCC_WARN_ABOUT_RETURN_TYPE = YES_ERROR;
				GCC_WARN_UNDECLARED_SELECTOR = YES;
				GCC_WARN_UNINITIALIZED_AUTOS = YES_AGGRESSIVE;
				GCC_WARN_UNUSED_FUNCTION = YES;
				GCC_WARN_UNUSED_VARIABLE = YES;
				IPHONEOS_DEPLOYMENT_TARGET = 15.0;
				MTL_ENABLE_DEBUG_INFO = INCLUDE_SOURCE;
				MTL_FAST_MATH = YES;
				ONLY_ACTIVE_ARCH = YES;
				SDKROOT = iphoneos;
				SWIFT_ACTIVE_COMPILATION_CONDITIONS = DEBUG;
				SWIFT_OPTIMIZATION_LEVEL = "-Onone";
			};
			name = Debug;
		};
		3C5DD04E29355B230022FC61 /* Release */ = {
			isa = XCBuildConfiguration;
			buildSettings = {
				ALWAYS_SEARCH_USER_PATHS = NO;
				CLANG_ANALYZER_NONNULL = YES;
				CLANG_ANALYZER_NUMBER_OBJECT_CONVERSION = YES_AGGRESSIVE;
				CLANG_CXX_LANGUAGE_STANDARD = "gnu++20";
				CLANG_ENABLE_MODULES = YES;
				CLANG_ENABLE_OBJC_ARC = YES;
				CLANG_ENABLE_OBJC_WEAK = YES;
				CLANG_WARN_BLOCK_CAPTURE_AUTORELEASING = YES;
				CLANG_WARN_BOOL_CONVERSION = YES;
				CLANG_WARN_COMMA = YES;
				CLANG_WARN_CONSTANT_CONVERSION = YES;
				CLANG_WARN_DEPRECATED_OBJC_IMPLEMENTATIONS = YES;
				CLANG_WARN_DIRECT_OBJC_ISA_USAGE = YES_ERROR;
				CLANG_WARN_DOCUMENTATION_COMMENTS = YES;
				CLANG_WARN_EMPTY_BODY = YES;
				CLANG_WARN_ENUM_CONVERSION = YES;
				CLANG_WARN_INFINITE_RECURSION = YES;
				CLANG_WARN_INT_CONVERSION = YES;
				CLANG_WARN_NON_LITERAL_NULL_CONVERSION = YES;
				CLANG_WARN_OBJC_IMPLICIT_RETAIN_SELF = YES;
				CLANG_WARN_OBJC_LITERAL_CONVERSION = YES;
				CLANG_WARN_OBJC_ROOT_CLASS = YES_ERROR;
				CLANG_WARN_QUOTED_INCLUDE_IN_FRAMEWORK_HEADER = YES;
				CLANG_WARN_RANGE_LOOP_ANALYSIS = YES;
				CLANG_WARN_STRICT_PROTOTYPES = YES;
				CLANG_WARN_SUSPICIOUS_MOVE = YES;
				CLANG_WARN_UNGUARDED_AVAILABILITY = YES_AGGRESSIVE;
				CLANG_WARN_UNREACHABLE_CODE = YES;
				CLANG_WARN__DUPLICATE_METHOD_MATCH = YES;
				COPY_PHASE_STRIP = NO;
				DEBUG_INFORMATION_FORMAT = "dwarf-with-dsym";
				ENABLE_NS_ASSERTIONS = NO;
				ENABLE_STRICT_OBJC_MSGSEND = YES;
				GCC_C_LANGUAGE_STANDARD = gnu11;
				GCC_NO_COMMON_BLOCKS = YES;
				GCC_WARN_64_TO_32_BIT_CONVERSION = YES;
				GCC_WARN_ABOUT_RETURN_TYPE = YES_ERROR;
				GCC_WARN_UNDECLARED_SELECTOR = YES;
				GCC_WARN_UNINITIALIZED_AUTOS = YES_AGGRESSIVE;
				GCC_WARN_UNUSED_FUNCTION = YES;
				GCC_WARN_UNUSED_VARIABLE = YES;
				IPHONEOS_DEPLOYMENT_TARGET = 15.0;
				MTL_ENABLE_DEBUG_INFO = NO;
				MTL_FAST_MATH = YES;
				SDKROOT = iphoneos;
				SWIFT_COMPILATION_MODE = wholemodule;
				SWIFT_OPTIMIZATION_LEVEL = "-O";
				VALIDATE_PRODUCT = YES;
			};
			name = Release;
		};
		3C5DD05029355B230022FC61 /* Debug */ = {
			isa = XCBuildConfiguration;
			buildSettings = {
				ASSETCATALOG_COMPILER_APPICON_NAME = AppIcon;
				ASSETCATALOG_COMPILER_GLOBAL_ACCENT_COLOR_NAME = AccentColor;
				CODE_SIGN_STYLE = Automatic;
				CURRENT_PROJECT_VERSION = 1;
				DEVELOPMENT_ASSET_PATHS = "\"NorthernLights/Preview Content\"";
				DEVELOPMENT_TEAM = B2AEB67T8E;
				ENABLE_PREVIEWS = YES;
				GENERATE_INFOPLIST_FILE = YES;
				INFOPLIST_FILE = NorthernLights/Info.plist;
				INFOPLIST_KEY_CFBundleDisplayName = "Northern Lights Controller";
				INFOPLIST_KEY_LSApplicationCategoryType = "public.app-category.utilities";
				INFOPLIST_KEY_UIApplicationSceneManifest_Generation = YES;
				INFOPLIST_KEY_UIApplicationSupportsIndirectInputEvents = YES;
				INFOPLIST_KEY_UILaunchScreen_Generation = YES;
				INFOPLIST_KEY_UISupportedInterfaceOrientations_iPad = "UIInterfaceOrientationPortrait UIInterfaceOrientationPortraitUpsideDown UIInterfaceOrientationLandscapeLeft UIInterfaceOrientationLandscapeRight";
				INFOPLIST_KEY_UISupportedInterfaceOrientations_iPhone = "UIInterfaceOrientationPortrait UIInterfaceOrientationLandscapeLeft UIInterfaceOrientationLandscapeRight";
				IPHONEOS_DEPLOYMENT_TARGET = 15.0;
				LD_RUNPATH_SEARCH_PATHS = (
					"$(inherited)",
					"@executable_path/Frameworks",
				);
				MARKETING_VERSION = 1.0;
				PRODUCT_BUNDLE_IDENTIFIER = org.reztek.NorthernLights;
				PRODUCT_NAME = "$(TARGET_NAME)";
				SWIFT_EMIT_LOC_STRINGS = YES;
				SWIFT_VERSION = 5.0;
				TARGETED_DEVICE_FAMILY = "1,2";
			};
			name = Debug;
		};
		3C5DD05129355B230022FC61 /* Release */ = {
			isa = XCBuildConfiguration;
			buildSettings = {
				ASSETCATALOG_COMPILER_APPICON_NAME = AppIcon;
				ASSETCATALOG_COMPILER_GLOBAL_ACCENT_COLOR_NAME = AccentColor;
				CODE_SIGN_STYLE = Automatic;
				CURRENT_PROJECT_VERSION = 1;
				DEVELOPMENT_ASSET_PATHS = "\"NorthernLights/Preview Content\"";
				DEVELOPMENT_TEAM = B2AEB67T8E;
				ENABLE_PREVIEWS = YES;
				GENERATE_INFOPLIST_FILE = YES;
				INFOPLIST_FILE = NorthernLights/Info.plist;
				INFOPLIST_KEY_CFBundleDisplayName = "Northern Lights Controller";
				INFOPLIST_KEY_LSApplicationCategoryType = "public.app-category.utilities";
				INFOPLIST_KEY_UIApplicationSceneManifest_Generation = YES;
				INFOPLIST_KEY_UIApplicationSupportsIndirectInputEvents = YES;
				INFOPLIST_KEY_UILaunchScreen_Generation = YES;
				INFOPLIST_KEY_UISupportedInterfaceOrientations_iPad = "UIInterfaceOrientationPortrait UIInterfaceOrientationPortraitUpsideDown UIInterfaceOrientationLandscapeLeft UIInterfaceOrientationLandscapeRight";
				INFOPLIST_KEY_UISupportedInterfaceOrientations_iPhone = "UIInterfaceOrientationPortrait UIInterfaceOrientationLandscapeLeft UIInterfaceOrientationLandscapeRight";
				IPHONEOS_DEPLOYMENT_TARGET = 15.0;
				LD_RUNPATH_SEARCH_PATHS = (
					"$(inherited)",
					"@executable_path/Frameworks",
				);
				MARKETING_VERSION = 1.0;
				PRODUCT_BUNDLE_IDENTIFIER = org.reztek.NorthernLights;
				PRODUCT_NAME = "$(TARGET_NAME)";
				SWIFT_EMIT_LOC_STRINGS = YES;
				SWIFT_VERSION = 5.0;
				TARGETED_DEVICE_FAMILY = "1,2";
			};
			name = Release;
		};
/* End XCBuildConfiguration section */

/* Begin XCConfigurationList section */
		3C5DD03C29355B230022FC61 /* Build configuration list for PBXProject "NorthernLights" */ = {
			isa = XCConfigurationList;
			buildConfigurations = (
				3C5DD04D29355B230022FC61 /* Debug */,
				3C5DD04E29355B230022FC61 /* Release */,
			);
			defaultConfigurationIsVisible = 0;
			defaultConfigurationName = Release;
		};
		3C5DD04F29355B230022FC61 /* Build configuration list for PBXNativeTarget "NorthernLights" */ = {
			isa = XCConfigurationList;
			buildConfigurations = (
				3C5DD05029355B230022FC61 /* Debug */,
				3C5DD05129355B230022FC61 /* Release */,
			);
			defaultConfigurationIsVisible = 0;
			defaultConfigurationName = Release;
		};
/* End XCConfigurationList section */
	};
	rootObject = 3C5DD03929355B230022FC61 /* Project object */;
}
